
Microsoft Visual Studio Solution File, Format Version 12.00
# Visual Studio Version 16
VisualStudioVersion = 16.0.30523.141
MinimumVisualStudioVersion = 10.0.40219.1
Project("{FAE04EC0-301F-11D3-BF4B-00C04F79EFBC}") = "TP_Carrito_Fernandez", "TP_Carrito_Fernandez\TP_Carrito_Fernandez.csproj", "{1F44CF59-57AB-46C4-9A3D-5854A7071D3E}"
EndProject
Project("{FAE04EC0-301F-11D3-BF4B-00C04F79EFBC}") = "Dominio", "Dominio\Dominio.csproj", "{68AA11D2-EDDD-469A-B261-2F28C294E706}"
EndProject
Project("{FAE04EC0-301F-11D3-BF4B-00C04F79EFBC}") = "Negocio", "Negocio\Negocio.csproj", "{ECFDCA71-E947-4E47-9D64-36D0157B77A9}"
EndProject
Global
	GlobalSection(SolutionConfigurationPlatforms) = preSolution
		Debug|Any CPU = Debug|Any CPU
		Release|Any CPU = Release|Any CPU
	EndGlobalSection
	GlobalSection(ProjectConfigurationPlatforms) = postSolution
		{1F44CF59-57AB-46C4-9A3D-5854A7071D3E}.Debug|Any CPU.ActiveCfg = Debug|Any CPU
		{1F44CF59-57AB-46C4-9A3D-5854A7071D3E}.Debug|Any CPU.Build.0 = Debug|Any CPU
		{1F44CF59-57AB-46C4-9A3D-5854A7071D3E}.Release|Any CPU.ActiveCfg = Release|Any CPU
		{1F44CF59-57AB-46C4-9A3D-5854A7071D3E}.Release|Any CPU.Build.0 = Release|Any CPU
		{68AA11D2-EDDD-469A-B261-2F28C294E706}.Debug|Any CPU.ActiveCfg = Debug|Any CPU
		{68AA11D2-EDDD-469A-B261-2F28C294E706}.Debug|Any CPU.Build.0 = Debug|Any CPU
		{68AA11D2-EDDD-469A-B261-2F28C294E706}.Release|Any CPU.ActiveCfg = Release|Any CPU
		{68AA11D2-EDDD-469A-B261-2F28C294E706}.Release|Any CPU.Build.0 = Release|Any CPU
		{ECFDCA71-E947-4E47-9D64-36D0157B77A9}.Debug|Any CPU.ActiveCfg = Debug|Any CPU
		{ECFDCA71-E947-4E47-9D64-36D0157B77A9}.Debug|Any CPU.Build.0 = Debug|Any CPU
		{ECFDCA71-E947-4E47-9D64-36D0157B77A9}.Release|Any CPU.ActiveCfg = Release|Any CPU
		{ECFDCA71-E947-4E47-9D64-36D0157B77A9}.Release|Any CPU.Build.0 = Release|Any CPU
	EndGlobalSection
	GlobalSection(SolutionProperties) = preSolution
		HideSolutionNode = FALSE
	EndGlobalSection
	GlobalSection(ExtensibilityGlobals) = postSolution
		SolutionGuid = {D25C37F9-D267-4D6C-860E-CB115FD9256B}
	EndGlobalSection
EndGlobal
